
Microsoft Visual Studio Solution File, Format Version 11.00
# Visual Studio 2010
Project("{FAE04EC0-301F-11D3-BF4B-00C04F79EFBC}") = "Assembly-CSharp", "Assembly-CSharp.csproj", "{57142466-f764-ff46-feae-107479a6ccf7}"
EndProject
Project("{FAE04EC0-301F-11D3-BF4B-00C04F79EFBC}") = "Assembly-CSharp-Editor", "Assembly-CSharp-Editor.csproj", "{c4addc10-f5e2-ba71-5192-aa5a25026519}"
EndProject
Global
	GlobalSection(SolutionConfigurationPlatforms) = preSolution
		Debug|Any CPU = Debug|Any CPU
	EndGlobalSection
	GlobalSection(ProjectConfigurationPlatforms) = postSolution
		{57142466-f764-ff46-feae-107479a6ccf7}.Debug|Any CPU.ActiveCfg = Debug|Any CPU
		{57142466-f764-ff46-feae-107479a6ccf7}.Debug|Any CPU.Build.0 = Debug|Any CPU
		{c4addc10-f5e2-ba71-5192-aa5a25026519}.Debug|Any CPU.ActiveCfg = Debug|Any CPU
		{c4addc10-f5e2-ba71-5192-aa5a25026519}.Debug|Any CPU.Build.0 = Debug|Any CPU
	EndGlobalSection
	GlobalSection(SolutionProperties) = preSolution
		HideSolutionNode = FALSE
	EndGlobalSection
EndGlobal
